
Microsoft Visual Studio Solution File, Format Version 12.00
# Visual Studio Version 17
VisualStudioVersion = 17.3.32929.385
MinimumVisualStudioVersion = 10.0.40219.1
Project("{FAE04EC0-301F-11D3-BF4B-00C04F79EFBC}") = "TopicWork", "TopicWork\TopicWork.csproj", "{CAA5671B-0386-4EF0-B794-50F4DF4FFA3B}"
EndProject
Global
	GlobalSection(SolutionConfigurationPlatforms) = preSolution
		Debug|Any CPU = Debug|Any CPU
		Release|Any CPU = Release|Any CPU
	EndGlobalSection
	GlobalSection(ProjectConfigurationPlatforms) = postSolution
		{CAA5671B-0386-4EF0-B794-50F4DF4FFA3B}.Debug|Any CPU.ActiveCfg = Debug|Any CPU
		{CAA5671B-0386-4EF0-B794-50F4DF4FFA3B}.Debug|Any CPU.Build.0 = Debug|Any CPU
		{CAA5671B-0386-4EF0-B794-50F4DF4FFA3B}.Release|Any CPU.ActiveCfg = Release|Any CPU
		{CAA5671B-0386-4EF0-B794-50F4DF4FFA3B}.Release|Any CPU.Build.0 = Release|Any CPU
	EndGlobalSection
	GlobalSection(SolutionProperties) = preSolution
		HideSolutionNode = FALSE
	EndGlobalSection
	GlobalSection(ExtensibilityGlobals) = postSolution
		SolutionGuid = {6927FA5C-5497-4423-A93C-133713CB23FF}
	EndGlobalSection
EndGlobal
